
Microsoft Visual Studio Solution File, Format Version 12.00
# Visual Studio Version 17
VisualStudioVersion = 17.8.34511.84
MinimumVisualStudioVersion = 10.0.40219.1
Project("{FAE04EC0-301F-11D3-BF4B-00C04F79EFBC}") = "ItemsManager", "ItemsManager.csproj", "{A7663CCA-8749-4295-AB43-BA4581F8B323}"
EndProject
Global
	GlobalSection(SolutionConfigurationPlatforms) = preSolution
		Debug|Any CPU = Debug|Any CPU
		Release|Any CPU = Release|Any CPU
	EndGlobalSection
	GlobalSection(ProjectConfigurationPlatforms) = postSolution
		{A7663CCA-8749-4295-AB43-BA4581F8B323}.Debug|Any CPU.ActiveCfg = Debug|Any CPU
		{A7663CCA-8749-4295-AB43-BA4581F8B323}.Debug|Any CPU.Build.0 = Debug|Any CPU
		{A7663CCA-8749-4295-AB43-BA4581F8B323}.Release|Any CPU.ActiveCfg = Release|Any CPU
		{A7663CCA-8749-4295-AB43-BA4581F8B323}.Release|Any CPU.Build.0 = Release|Any CPU
	EndGlobalSection
	GlobalSection(SolutionProperties) = preSolution
		HideSolutionNode = FALSE
	EndGlobalSection
	GlobalSection(ExtensibilityGlobals) = postSolution
		SolutionGuid = {FA399ED2-291A-4AEC-B316-3FEA2EACD831}
	EndGlobalSection
EndGlobal
